
Microsoft Visual Studio Solution File, Format Version 12.00
# Visual Studio 14
VisualStudioVersion = 14.0.25420.1
MinimumVisualStudioVersion = 10.0.40219.1
Project("{FAE04EC0-301F-11D3-BF4B-00C04F79EFBC}") = "Apple and Orange", "Apple and Orange\Apple and Orange.csproj", "{1F73C914-C95D-4377-8A20-565EBDCA63EB}"
EndProject
Global
	GlobalSection(SolutionConfigurationPlatforms) = preSolution
		Debug|Any CPU = Debug|Any CPU
		Release|Any CPU = Release|Any CPU
	EndGlobalSection
	GlobalSection(ProjectConfigurationPlatforms) = postSolution
		{1F73C914-C95D-4377-8A20-565EBDCA63EB}.Debug|Any CPU.ActiveCfg = Debug|Any CPU
		{1F73C914-C95D-4377-8A20-565EBDCA63EB}.Debug|Any CPU.Build.0 = Debug|Any CPU
		{1F73C914-C95D-4377-8A20-565EBDCA63EB}.Release|Any CPU.ActiveCfg = Release|Any CPU
		{1F73C914-C95D-4377-8A20-565EBDCA63EB}.Release|Any CPU.Build.0 = Release|Any CPU
	EndGlobalSection
	GlobalSection(SolutionProperties) = preSolution
		HideSolutionNode = FALSE
	EndGlobalSection
EndGlobal
